
Microsoft Visual Studio Solution File, Format Version 12.00
# Visual Studio 15
VisualStudioVersion = 15.0.27703.2047
MinimumVisualStudioVersion = 10.0.40219.1
Project("{FAE04EC0-301F-11D3-BF4B-00C04F79EFBC}") = "GraphiteExportandForwarder", "GraphiteExportandForwarder\GraphiteExportandForwarder.csproj", "{F7134297-CAC3-4890-A3DF-CBF07F24AD5D}"
EndProject
Project("{FAE04EC0-301F-11D3-BF4B-00C04F79EFBC}") = "Graphite", "Graphite\Graphite.csproj", "{77EACC5C-76B2-4E73-A2C7-95747C980305}"
EndProject
Global
	GlobalSection(SubversionScc) = preSolution
		Svn-Managed = True
		Manager = AnkhSVN - Subversion Support for Visual Studio
	EndGlobalSection
	GlobalSection(SolutionConfigurationPlatforms) = preSolution
		Debug|Any CPU = Debug|Any CPU
		Release|Any CPU = Release|Any CPU
	EndGlobalSection
	GlobalSection(ProjectConfigurationPlatforms) = postSolution
		{F7134297-CAC3-4890-A3DF-CBF07F24AD5D}.Debug|Any CPU.ActiveCfg = Debug|Any CPU
		{F7134297-CAC3-4890-A3DF-CBF07F24AD5D}.Debug|Any CPU.Build.0 = Debug|Any CPU
		{F7134297-CAC3-4890-A3DF-CBF07F24AD5D}.Release|Any CPU.ActiveCfg = Release|Any CPU
		{F7134297-CAC3-4890-A3DF-CBF07F24AD5D}.Release|Any CPU.Build.0 = Release|Any CPU
		{77EACC5C-76B2-4E73-A2C7-95747C980305}.Debug|Any CPU.ActiveCfg = Debug|Any CPU
		{77EACC5C-76B2-4E73-A2C7-95747C980305}.Debug|Any CPU.Build.0 = Debug|Any CPU
		{77EACC5C-76B2-4E73-A2C7-95747C980305}.Release|Any CPU.ActiveCfg = Release|Any CPU
		{77EACC5C-76B2-4E73-A2C7-95747C980305}.Release|Any CPU.Build.0 = Release|Any CPU
	EndGlobalSection
	GlobalSection(SolutionProperties) = preSolution
		HideSolutionNode = FALSE
	EndGlobalSection
	GlobalSection(ExtensibilityGlobals) = postSolution
		SolutionGuid = {67A08520-EAAD-4A53-89B3-2075CADBB010}
	EndGlobalSection
EndGlobal
